// !$*UTF8*$!
{
	archiveVersion = 1;
	classes = {
	};
	objectVersion = 56;
	objects = {

/* Begin PBXBuildFile section */
		1F4B93BD2D4ED3800021C568 /* Aggie_EatsApp.swift in Sources */ = {isa = PBXBuildFile; fileRef = 1F4B93BC2D4ED3800021C568 /* Aggie_EatsApp.swift */; };
		1F4B93C12D4ED3820021C568 /* Assets.xcassets in Resources */ = {isa = PBXBuildFile; fileRef = 1F4B93C02D4ED3820021C568 /* Assets.xcassets */; };
		1F4B93E92D4ED7460021C568 /* HomePage.swift in Sources */ = {isa = PBXBuildFile; fileRef = 1F4B93E82D4ED7450021C568 /* HomePage.swift */; };
		1F4B93EB2D4ED77A0021C568 /* MenuOptionsView.swift in Sources */ = {isa = PBXBuildFile; fileRef = 1F4B93EA2D4ED77A0021C568 /* MenuOptionsView.swift */; };
		1F4B93ED2D4ED8A70021C568 /* TabBarView.swift in Sources */ = {isa = PBXBuildFile; fileRef = 1F4B93EC2D4ED8A70021C568 /* TabBarView.swift */; };
		1F4B93EF2D4ED9300021C568 /* WeeklyMenuView.swift in Sources */ = {isa = PBXBuildFile; fileRef = 1F4B93EE2D4ED9300021C568 /* WeeklyMenuView.swift */; };
		1F6723202D5074E000C4E44B /* BundleDecodable.swift in Sources */ = {isa = PBXBuildFile; fileRef = 1F67231F2D5074E000C4E44B /* BundleDecodable.swift */; };
		1F6723222D50751B00C4E44B /* MenuModel.swift in Sources */ = {isa = PBXBuildFile; fileRef = 1F6723212D50751B00C4E44B /* MenuModel.swift */; };
		1F6F926B2D5AFFCD00316195 /* Stripe in Frameworks */ = {isa = PBXBuildFile; productRef = 1F6F926A2D5AFFCD00316195 /* Stripe */; };
		1F6F926D2D5AFFCD00316195 /* StripeApplePay in Frameworks */ = {isa = PBXBuildFile; productRef = 1F6F926C2D5AFFCD00316195 /* StripeApplePay */; };
		1F6F926F2D5AFFCD00316195 /* StripeCardScan in Frameworks */ = {isa = PBXBuildFile; productRef = 1F6F926E2D5AFFCD00316195 /* StripeCardScan */; };
		1F6F92712D5AFFCD00316195 /* StripeConnect in Frameworks */ = {isa = PBXBuildFile; productRef = 1F6F92702D5AFFCD00316195 /* StripeConnect */; };
		1F6F92732D5AFFCD00316195 /* StripeFinancialConnections in Frameworks */ = {isa = PBXBuildFile; productRef = 1F6F92722D5AFFCD00316195 /* StripeFinancialConnections */; };
		1F6F92752D5AFFCD00316195 /* StripeIdentity in Frameworks */ = {isa = PBXBuildFile; productRef = 1F6F92742D5AFFCD00316195 /* StripeIdentity */; };
		1F6F92772D5AFFCD00316195 /* StripePaymentSheet in Frameworks */ = {isa = PBXBuildFile; productRef = 1F6F92762D5AFFCD00316195 /* StripePaymentSheet */; };
		1F6F92792D5AFFCD00316195 /* StripePayments in Frameworks */ = {isa = PBXBuildFile; productRef = 1F6F92782D5AFFCD00316195 /* StripePayments */; };
		1F6F927B2D5AFFCD00316195 /* StripePaymentsUI in Frameworks */ = {isa = PBXBuildFile; productRef = 1F6F927A2D5AFFCD00316195 /* StripePaymentsUI */; };
		1F8261D82D5AE1BD000AC749 /* OrderCompletion.swift in Sources */ = {isa = PBXBuildFile; fileRef = 1F8261D72D5AE1BD000AC749 /* OrderCompletion.swift */; };
		1F8261DC2D5AE239000AC749 /* CheckOutIntentResponse.swift in Sources */ = {isa = PBXBuildFile; fileRef = 1F8261DB2D5AE239000AC749 /* CheckOutIntentResponse.swift */; };
		1F8261DE2D5AE256000AC749 /* PaymentConfig.swift in Sources */ = {isa = PBXBuildFile; fileRef = 1F8261DD2D5AE256000AC749 /* PaymentConfig.swift */; };
		1F8261E02D5AE283000AC749 /* PaymentGatewayController.swift in Sources */ = {isa = PBXBuildFile; fileRef = 1F8261DF2D5AE283000AC749 /* PaymentGatewayController.swift */; };
		1FB3FE202D4F0172000ECB7D /* CodeScanner in Frameworks */ = {isa = PBXBuildFile; productRef = 1FB3FE1F2D4F0172000ECB7D /* CodeScanner */; };
		1FB3FE232D4F03C3000ECB7D /* ConfirmOrderView.swift in Sources */ = {isa = PBXBuildFile; fileRef = 1FB3FE222D4F03C3000ECB7D /* ConfirmOrderView.swift */; };
		1FEB1D882D51B88300CE5900 /* BitCollections in Frameworks */ = {isa = PBXBuildFile; productRef = 1FEB1D872D51B88300CE5900 /* BitCollections */; };
		1FEB1D8A2D51B88300CE5900 /* Collections in Frameworks */ = {isa = PBXBuildFile; productRef = 1FEB1D892D51B88300CE5900 /* Collections */; };
		1FEB1D8C2D51B88300CE5900 /* DequeModule in Frameworks */ = {isa = PBXBuildFile; productRef = 1FEB1D8B2D51B88300CE5900 /* DequeModule */; };
		1FEB1D8E2D51B88300CE5900 /* HashTreeCollections in Frameworks */ = {isa = PBXBuildFile; productRef = 1FEB1D8D2D51B88300CE5900 /* HashTreeCollections */; };
		1FEB1D902D51B88300CE5900 /* HeapModule in Frameworks */ = {isa = PBXBuildFile; productRef = 1FEB1D8F2D51B88300CE5900 /* HeapModule */; };
		1FEB1D922D51B88300CE5900 /* OrderedCollections in Frameworks */ = {isa = PBXBuildFile; productRef = 1FEB1D912D51B88300CE5900 /* OrderedCollections */; };
		1FEB1D942D51B88300CE5900 /* _RopeModule in Frameworks */ = {isa = PBXBuildFile; productRef = 1FEB1D932D51B88300CE5900 /* _RopeModule */; };
/* End PBXBuildFile section */

/* Begin PBXContainerItemProxy section */
		1F4B93CA2D4ED3830021C568 /* PBXContainerItemProxy */ = {
			isa = PBXContainerItemProxy;
			containerPortal = 1F4B93B12D4ED3800021C568 /* Project object */;
			proxyType = 1;
			remoteGlobalIDString = 1F4B93B82D4ED3800021C568;
			remoteInfo = "Aggie Eats";
		};
		1F4B93D42D4ED3830021C568 /* PBXContainerItemProxy */ = {
			isa = PBXContainerItemProxy;
			containerPortal = 1F4B93B12D4ED3800021C568 /* Project object */;
			proxyType = 1;
			remoteGlobalIDString = 1F4B93B82D4ED3800021C568;
			remoteInfo = "Aggie Eats";
		};
/* End PBXContainerItemProxy section */

/* Begin PBXFileReference section */
		1F4B93B92D4ED3800021C568 /* Aggie Eats.app */ = {isa = PBXFileReference; explicitFileType = wrapper.application; includeInIndex = 0; path = "Aggie Eats.app"; sourceTree = BUILT_PRODUCTS_DIR; };
		1F4B93BC2D4ED3800021C568 /* Aggie_EatsApp.swift */ = {isa = PBXFileReference; lastKnownFileType = sourcecode.swift; path = Aggie_EatsApp.swift; sourceTree = "<group>"; };
		1F4B93C02D4ED3820021C568 /* Assets.xcassets */ = {isa = PBXFileReference; lastKnownFileType = folder.assetcatalog; path = Assets.xcassets; sourceTree = "<group>"; };
		1F4B93C92D4ED3830021C568 /* Aggie EatsTests.xctest */ = {isa = PBXFileReference; explicitFileType = wrapper.cfbundle; includeInIndex = 0; path = "Aggie EatsTests.xctest"; sourceTree = BUILT_PRODUCTS_DIR; };
		1F4B93D32D4ED3830021C568 /* Aggie EatsUITests.xctest */ = {isa = PBXFileReference; explicitFileType = wrapper.cfbundle; includeInIndex = 0; path = "Aggie EatsUITests.xctest"; sourceTree = BUILT_PRODUCTS_DIR; };
		1F4B93E82D4ED7450021C568 /* HomePage.swift */ = {isa = PBXFileReference; lastKnownFileType = sourcecode.swift; path = HomePage.swift; sourceTree = "<group>"; };
		1F4B93EA2D4ED77A0021C568 /* MenuOptionsView.swift */ = {isa = PBXFileReference; lastKnownFileType = sourcecode.swift; path = MenuOptionsView.swift; sourceTree = "<group>"; };
		1F4B93EC2D4ED8A70021C568 /* TabBarView.swift */ = {isa = PBXFileReference; lastKnownFileType = sourcecode.swift; path = TabBarView.swift; sourceTree = "<group>"; };
		1F4B93EE2D4ED9300021C568 /* WeeklyMenuView.swift */ = {isa = PBXFileReference; lastKnownFileType = sourcecode.swift; path = WeeklyMenuView.swift; sourceTree = "<group>"; };
		1F67231D2D50737900C4E44B /* Menu.geojson */ = {isa = PBXFileReference; lastKnownFileType = text; path = Menu.geojson; sourceTree = "<group>"; };
		1F67231F2D5074E000C4E44B /* BundleDecodable.swift */ = {isa = PBXFileReference; lastKnownFileType = sourcecode.swift; path = BundleDecodable.swift; sourceTree = "<group>"; };
		1F6723212D50751B00C4E44B /* MenuModel.swift */ = {isa = PBXFileReference; lastKnownFileType = sourcecode.swift; path = MenuModel.swift; sourceTree = "<group>"; };
		1F8261D72D5AE1BD000AC749 /* OrderCompletion.swift */ = {isa = PBXFileReference; lastKnownFileType = sourcecode.swift; path = OrderCompletion.swift; sourceTree = "<group>"; };
		1F8261DB2D5AE239000AC749 /* CheckOutIntentResponse.swift */ = {isa = PBXFileReference; lastKnownFileType = sourcecode.swift; path = CheckOutIntentResponse.swift; sourceTree = "<group>"; };
		1F8261DD2D5AE256000AC749 /* PaymentConfig.swift */ = {isa = PBXFileReference; lastKnownFileType = sourcecode.swift; path = PaymentConfig.swift; sourceTree = "<group>"; };
		1F8261DF2D5AE283000AC749 /* PaymentGatewayController.swift */ = {isa = PBXFileReference; lastKnownFileType = sourcecode.swift; path = PaymentGatewayController.swift; sourceTree = "<group>"; };
		1FB3FE222D4F03C3000ECB7D /* ConfirmOrderView.swift */ = {isa = PBXFileReference; lastKnownFileType = sourcecode.swift; path = ConfirmOrderView.swift; sourceTree = "<group>"; };
/* End PBXFileReference section */

/* Begin PBXFrameworksBuildPhase section */
		1F4B93B62D4ED3800021C568 /* Frameworks */ = {
			isa = PBXFrameworksBuildPhase;
			buildActionMask = 2147483647;
			files = (
				1FEB1D8E2D51B88300CE5900 /* HashTreeCollections in Frameworks */,
				1FEB1D8A2D51B88300CE5900 /* Collections in Frameworks */,
				1F6F92732D5AFFCD00316195 /* StripeFinancialConnections in Frameworks */,
				1F6F92752D5AFFCD00316195 /* StripeIdentity in Frameworks */,
				1F6F92772D5AFFCD00316195 /* StripePaymentSheet in Frameworks */,
				1FEB1D8C2D51B88300CE5900 /* DequeModule in Frameworks */,
				1F6F92792D5AFFCD00316195 /* StripePayments in Frameworks */,
				1FEB1D882D51B88300CE5900 /* BitCollections in Frameworks */,
				1F6F927B2D5AFFCD00316195 /* StripePaymentsUI in Frameworks */,
				1FEB1D902D51B88300CE5900 /* HeapModule in Frameworks */,
				1F6F926D2D5AFFCD00316195 /* StripeApplePay in Frameworks */,
				1FEB1D922D51B88300CE5900 /* OrderedCollections in Frameworks */,
				1FEB1D942D51B88300CE5900 /* _RopeModule in Frameworks */,
				1F6F926F2D5AFFCD00316195 /* StripeCardScan in Frameworks */,
				1FB3FE202D4F0172000ECB7D /* CodeScanner in Frameworks */,
				1F6F92712D5AFFCD00316195 /* StripeConnect in Frameworks */,
				1F6F926B2D5AFFCD00316195 /* Stripe in Frameworks */,
			);
			runOnlyForDeploymentPostprocessing = 0;
		};
		1F4B93C62D4ED3830021C568 /* Frameworks */ = {
			isa = PBXFrameworksBuildPhase;
			buildActionMask = 2147483647;
			files = (
			);
			runOnlyForDeploymentPostprocessing = 0;
		};
		1F4B93D02D4ED3830021C568 /* Frameworks */ = {
			isa = PBXFrameworksBuildPhase;
			buildActionMask = 2147483647;
			files = (
			);
			runOnlyForDeploymentPostprocessing = 0;
		};
/* End PBXFrameworksBuildPhase section */

/* Begin PBXGroup section */
		1F4B93B02D4ED3800021C568 = {
			isa = PBXGroup;
			children = (
				1F4B93BB2D4ED3800021C568 /* Aggie Eats */,
				1F4B93BA2D4ED3800021C568 /* Products */,
			);
			sourceTree = "<group>";
		};
		1F4B93BA2D4ED3800021C568 /* Products */ = {
			isa = PBXGroup;
			children = (
				1F4B93B92D4ED3800021C568 /* Aggie Eats.app */,
				1F4B93C92D4ED3830021C568 /* Aggie EatsTests.xctest */,
				1F4B93D32D4ED3830021C568 /* Aggie EatsUITests.xctest */,
			);
			name = Products;
			sourceTree = "<group>";
		};
		1F4B93BB2D4ED3800021C568 /* Aggie Eats */ = {
			isa = PBXGroup;
			children = (
				1F4B93BC2D4ED3800021C568 /* Aggie_EatsApp.swift */,
				1F4B93E82D4ED7450021C568 /* HomePage.swift */,
				1FB3FE212D4F0381000ECB7D /* Ordering Views */,
				1F4B93EA2D4ED77A0021C568 /* MenuOptionsView.swift */,
				1F67231E2D5074BD00C4E44B /* Menu Data Modelling */,
				1F67231D2D50737900C4E44B /* Menu.geojson */,
				1F8261DA2D5AE20B000AC749 /* Stripe Files */,
				1F4B93EC2D4ED8A70021C568 /* TabBarView.swift */,
				1F4B93EE2D4ED9300021C568 /* WeeklyMenuView.swift */,
				1F4B93C02D4ED3820021C568 /* Assets.xcassets */,
				1FB3FE242D4F043D000ECB7D /* Preview Content */,
			);
			path = "Aggie Eats";
			sourceTree = "<group>";
		};
		1F67231E2D5074BD00C4E44B /* Menu Data Modelling */ = {
			isa = PBXGroup;
			children = (
				1F67231F2D5074E000C4E44B /* BundleDecodable.swift */,
				1F6723212D50751B00C4E44B /* MenuModel.swift */,
			);
			path = "Menu Data Modelling";
			sourceTree = "<group>";
		};
		1F8261DA2D5AE20B000AC749 /* Stripe Files */ = {
			isa = PBXGroup;
			children = (
				1F8261DB2D5AE239000AC749 /* CheckOutIntentResponse.swift */,
				1F8261DD2D5AE256000AC749 /* PaymentConfig.swift */,
				1F8261DF2D5AE283000AC749 /* PaymentGatewayController.swift */,
			);
			path = "Stripe Files";
			sourceTree = "<group>";
		};
		1FB3FE212D4F0381000ECB7D /* Ordering Views */ = {
			isa = PBXGroup;
			children = (
				1FB3FE222D4F03C3000ECB7D /* ConfirmOrderView.swift */,
				1F8261D72D5AE1BD000AC749 /* OrderCompletion.swift */,
			);
			path = "Ordering Views";
			sourceTree = "<group>";
		};
		1FB3FE242D4F043D000ECB7D /* Preview Content */ = {
			isa = PBXGroup;
			children = (
			);
			path = "Preview Content";
			sourceTree = "<group>";
		};
/* End PBXGroup section */

/* Begin PBXNativeTarget section */
		1F4B93B82D4ED3800021C568 /* Aggie Eats */ = {
			isa = PBXNativeTarget;
			buildConfigurationList = 1F4B93DD2D4ED3830021C568 /* Build configuration list for PBXNativeTarget "Aggie Eats" */;
			buildPhases = (
				1F4B93B52D4ED3800021C568 /* Sources */,
				1F4B93B62D4ED3800021C568 /* Frameworks */,
				1F4B93B72D4ED3800021C568 /* Resources */,
			);
			buildRules = (
			);
			dependencies = (
			);
			name = "Aggie Eats";
			packageProductDependencies = (
				1FB3FE1F2D4F0172000ECB7D /* CodeScanner */,
				1FEB1D872D51B88300CE5900 /* BitCollections */,
				1FEB1D892D51B88300CE5900 /* Collections */,
				1FEB1D8B2D51B88300CE5900 /* DequeModule */,
				1FEB1D8D2D51B88300CE5900 /* HashTreeCollections */,
				1FEB1D8F2D51B88300CE5900 /* HeapModule */,
				1FEB1D912D51B88300CE5900 /* OrderedCollections */,
				1FEB1D932D51B88300CE5900 /* _RopeModule */,
				1F6F926A2D5AFFCD00316195 /* Stripe */,
				1F6F926C2D5AFFCD00316195 /* StripeApplePay */,
				1F6F926E2D5AFFCD00316195 /* StripeCardScan */,
				1F6F92702D5AFFCD00316195 /* StripeConnect */,
				1F6F92722D5AFFCD00316195 /* StripeFinancialConnections */,
				1F6F92742D5AFFCD00316195 /* StripeIdentity */,
				1F6F92762D5AFFCD00316195 /* StripePaymentSheet */,
				1F6F92782D5AFFCD00316195 /* StripePayments */,
				1F6F927A2D5AFFCD00316195 /* StripePaymentsUI */,
			);
			productName = "Aggie Eats";
			productReference = 1F4B93B92D4ED3800021C568 /* Aggie Eats.app */;
			productType = "com.apple.product-type.application";
		};
		1F4B93C82D4ED3830021C568 /* Aggie EatsTests */ = {
			isa = PBXNativeTarget;
			buildConfigurationList = 1F4B93E02D4ED3830021C568 /* Build configuration list for PBXNativeTarget "Aggie EatsTests" */;
			buildPhases = (
				1F4B93C52D4ED3830021C568 /* Sources */,
				1F4B93C62D4ED3830021C568 /* Frameworks */,
				1F4B93C72D4ED3830021C568 /* Resources */,
			);
			buildRules = (
			);
			dependencies = (
				1F4B93CB2D4ED3830021C568 /* PBXTargetDependency */,
			);
			name = "Aggie EatsTests";
			productName = "Aggie EatsTests";
			productReference = 1F4B93C92D4ED3830021C568 /* Aggie EatsTests.xctest */;
			productType = "com.apple.product-type.bundle.unit-test";
		};
		1F4B93D22D4ED3830021C568 /* Aggie EatsUITests */ = {
			isa = PBXNativeTarget;
			buildConfigurationList = 1F4B93E32D4ED3830021C568 /* Build configuration list for PBXNativeTarget "Aggie EatsUITests" */;
			buildPhases = (
				1F4B93CF2D4ED3830021C568 /* Sources */,
				1F4B93D02D4ED3830021C568 /* Frameworks */,
				1F4B93D12D4ED3830021C568 /* Resources */,
			);
			buildRules = (
			);
			dependencies = (
				1F4B93D52D4ED3830021C568 /* PBXTargetDependency */,
			);
			name = "Aggie EatsUITests";
			productName = "Aggie EatsUITests";
			productReference = 1F4B93D32D4ED3830021C568 /* Aggie EatsUITests.xctest */;
			productType = "com.apple.product-type.bundle.ui-testing";
		};
/* End PBXNativeTarget section */

/* Begin PBXProject section */
		1F4B93B12D4ED3800021C568 /* Project object */ = {
			isa = PBXProject;
			attributes = {
				BuildIndependentTargetsInParallel = 1;
				LastSwiftUpdateCheck = 1520;
				LastUpgradeCheck = 1520;
				TargetAttributes = {
					1F4B93B82D4ED3800021C568 = {
						CreatedOnToolsVersion = 15.2;
					};
					1F4B93C82D4ED3830021C568 = {
						CreatedOnToolsVersion = 15.2;
						TestTargetID = 1F4B93B82D4ED3800021C568;
					};
					1F4B93D22D4ED3830021C568 = {
						CreatedOnToolsVersion = 15.2;
						TestTargetID = 1F4B93B82D4ED3800021C568;
					};
				};
			};
			buildConfigurationList = 1F4B93B42D4ED3800021C568 /* Build configuration list for PBXProject "Aggie Eats" */;
			compatibilityVersion = "Xcode 14.0";
			developmentRegion = en;
			hasScannedForEncodings = 0;
			knownRegions = (
				en,
				Base,
			);
			mainGroup = 1F4B93B02D4ED3800021C568;
			packageReferences = (
				1FB3FE1E2D4F0172000ECB7D /* XCRemoteSwiftPackageReference "CodeScanner" */,
				1FEB1D862D51B88300CE5900 /* XCRemoteSwiftPackageReference "swift-collections" */,
				1F6F92692D5AFFCD00316195 /* XCRemoteSwiftPackageReference "stripe-ios" */,
			);
			productRefGroup = 1F4B93BA2D4ED3800021C568 /* Products */;
			projectDirPath = "";
			projectRoot = "";
			targets = (
				1F4B93B82D4ED3800021C568 /* Aggie Eats */,
				1F4B93C82D4ED3830021C568 /* Aggie EatsTests */,
				1F4B93D22D4ED3830021C568 /* Aggie EatsUITests */,
			);
		};
/* End PBXProject section */

/* Begin PBXResourcesBuildPhase section */
		1F4B93B72D4ED3800021C568 /* Resources */ = {
			isa = PBXResourcesBuildPhase;
			buildActionMask = 2147483647;
			files = (
				1F4B93C12D4ED3820021C568 /* Assets.xcassets in Resources */,
			);
			runOnlyForDeploymentPostprocessing = 0;
		};
		1F4B93C72D4ED3830021C568 /* Resources */ = {
			isa = PBXResourcesBuildPhase;
			buildActionMask = 2147483647;
			files = (
			);
			runOnlyForDeploymentPostprocessing = 0;
		};
		1F4B93D12D4ED3830021C568 /* Resources */ = {
			isa = PBXResourcesBuildPhase;
			buildActionMask = 2147483647;
			files = (
			);
			runOnlyForDeploymentPostprocessing = 0;
		};
/* End PBXResourcesBuildPhase section */

/* Begin PBXSourcesBuildPhase section */
		1F4B93B52D4ED3800021C568 /* Sources */ = {
			isa = PBXSourcesBuildPhase;
			buildActionMask = 2147483647;
			files = (
				1F8261DC2D5AE239000AC749 /* CheckOutIntentResponse.swift in Sources */,
				1F6723222D50751B00C4E44B /* MenuModel.swift in Sources */,
				1FB3FE232D4F03C3000ECB7D /* ConfirmOrderView.swift in Sources */,
				1F8261DE2D5AE256000AC749 /* PaymentConfig.swift in Sources */,
				1F6723202D5074E000C4E44B /* BundleDecodable.swift in Sources */,
				1F8261D82D5AE1BD000AC749 /* OrderCompletion.swift in Sources */,
				1F4B93EB2D4ED77A0021C568 /* MenuOptionsView.swift in Sources */,
				1F4B93E92D4ED7460021C568 /* HomePage.swift in Sources */,
				1F4B93ED2D4ED8A70021C568 /* TabBarView.swift in Sources */,
				1F8261E02D5AE283000AC749 /* PaymentGatewayController.swift in Sources */,
				1F4B93BD2D4ED3800021C568 /* Aggie_EatsApp.swift in Sources */,
				1F4B93EF2D4ED9300021C568 /* WeeklyMenuView.swift in Sources */,
			);
			runOnlyForDeploymentPostprocessing = 0;
		};
		1F4B93C52D4ED3830021C568 /* Sources */ = {
			isa = PBXSourcesBuildPhase;
			buildActionMask = 2147483647;
			files = (
			);
			runOnlyForDeploymentPostprocessing = 0;
		};
		1F4B93CF2D4ED3830021C568 /* Sources */ = {
			isa = PBXSourcesBuildPhase;
			buildActionMask = 2147483647;
			files = (
			);
			runOnlyForDeploymentPostprocessing = 0;
		};
/* End PBXSourcesBuildPhase section */

/* Begin PBXTargetDependency section */
		1F4B93CB2D4ED3830021C568 /* PBXTargetDependency */ = {
			isa = PBXTargetDependency;
			target = 1F4B93B82D4ED3800021C568 /* Aggie Eats */;
			targetProxy = 1F4B93CA2D4ED3830021C568 /* PBXContainerItemProxy */;
		};
		1F4B93D52D4ED3830021C568 /* PBXTargetDependency */ = {
			isa = PBXTargetDependency;
			target = 1F4B93B82D4ED3800021C568 /* Aggie Eats */;
			targetProxy = 1F4B93D42D4ED3830021C568 /* PBXContainerItemProxy */;
		};
/* End PBXTargetDependency section */

/* Begin XCBuildConfiguration section */
		1F4B93DB2D4ED3830021C568 /* Debug */ = {
			isa = XCBuildConfiguration;
			buildSettings = {
				ALWAYS_SEARCH_USER_PATHS = NO;
				ASSETCATALOG_COMPILER_GENERATE_SWIFT_ASSET_SYMBOL_EXTENSIONS = YES;
				CLANG_ANALYZER_NONNULL = YES;
				CLANG_ANALYZER_NUMBER_OBJECT_CONVERSION = YES_AGGRESSIVE;
				CLANG_CXX_LANGUAGE_STANDARD = "gnu++20";
				CLANG_ENABLE_MODULES = YES;
				CLANG_ENABLE_OBJC_ARC = YES;
				CLANG_ENABLE_OBJC_WEAK = YES;
				CLANG_WARN_BLOCK_CAPTURE_AUTORELEASING = YES;
				CLANG_WARN_BOOL_CONVERSION = YES;
				CLANG_WARN_COMMA = YES;
				CLANG_WARN_CONSTANT_CONVERSION = YES;
				CLANG_WARN_DEPRECATED_OBJC_IMPLEMENTATIONS = YES;
				CLANG_WARN_DIRECT_OBJC_ISA_USAGE = YES_ERROR;
				CLANG_WARN_DOCUMENTATION_COMMENTS = YES;
				CLANG_WARN_EMPTY_BODY = YES;
				CLANG_WARN_ENUM_CONVERSION = YES;
				CLANG_WARN_INFINITE_RECURSION = YES;
				CLANG_WARN_INT_CONVERSION = YES;
				CLANG_WARN_NON_LITERAL_NULL_CONVERSION = YES;
				CLANG_WARN_OBJC_IMPLICIT_RETAIN_SELF = YES;
				CLANG_WARN_OBJC_LITERAL_CONVERSION = YES;
				CLANG_WARN_OBJC_ROOT_CLASS = YES_ERROR;
				CLANG_WARN_QUOTED_INCLUDE_IN_FRAMEWORK_HEADER = YES;
				CLANG_WARN_RANGE_LOOP_ANALYSIS = YES;
				CLANG_WARN_STRICT_PROTOTYPES = YES;
				CLANG_WARN_SUSPICIOUS_MOVE = YES;
				CLANG_WARN_UNGUARDED_AVAILABILITY = YES_AGGRESSIVE;
				CLANG_WARN_UNREACHABLE_CODE = YES;
				CLANG_WARN__DUPLICATE_METHOD_MATCH = YES;
				COPY_PHASE_STRIP = NO;
				DEBUG_INFORMATION_FORMAT = dwarf;
				ENABLE_STRICT_OBJC_MSGSEND = YES;
				ENABLE_TESTABILITY = YES;
				ENABLE_USER_SCRIPT_SANDBOXING = YES;
				GCC_C_LANGUAGE_STANDARD = gnu17;
				GCC_DYNAMIC_NO_PIC = NO;
				GCC_NO_COMMON_BLOCKS = YES;
				GCC_OPTIMIZATION_LEVEL = 0;
				GCC_PREPROCESSOR_DEFINITIONS = (
					"DEBUG=1",
					"$(inherited)",
				);
				GCC_WARN_64_TO_32_BIT_CONVERSION = YES;
				GCC_WARN_ABOUT_RETURN_TYPE = YES_ERROR;
				GCC_WARN_UNDECLARED_SELECTOR = YES;
				GCC_WARN_UNINITIALIZED_AUTOS = YES_AGGRESSIVE;
				GCC_WARN_UNUSED_FUNCTION = YES;
				GCC_WARN_UNUSED_VARIABLE = YES;
				IPHONEOS_DEPLOYMENT_TARGET = 17.2;
				LOCALIZATION_PREFERS_STRING_CATALOGS = YES;
				MTL_ENABLE_DEBUG_INFO = INCLUDE_SOURCE;
				MTL_FAST_MATH = YES;
				ONLY_ACTIVE_ARCH = YES;
				SDKROOT = iphoneos;
				SWIFT_ACTIVE_COMPILATION_CONDITIONS = "DEBUG $(inherited)";
				SWIFT_OPTIMIZATION_LEVEL = "-Onone";
			};
			name = Debug;
		};
		1F4B93DC2D4ED3830021C568 /* Release */ = {
			isa = XCBuildConfiguration;
			buildSettings = {
				ALWAYS_SEARCH_USER_PATHS = NO;
				ASSETCATALOG_COMPILER_GENERATE_SWIFT_ASSET_SYMBOL_EXTENSIONS = YES;
				CLANG_ANALYZER_NONNULL = YES;
				CLANG_ANALYZER_NUMBER_OBJECT_CONVERSION = YES_AGGRESSIVE;
				CLANG_CXX_LANGUAGE_STANDARD = "gnu++20";
				CLANG_ENABLE_MODULES = YES;
				CLANG_ENABLE_OBJC_ARC = YES;
				CLANG_ENABLE_OBJC_WEAK = YES;
				CLANG_WARN_BLOCK_CAPTURE_AUTORELEASING = YES;
				CLANG_WARN_BOOL_CONVERSION = YES;
				CLANG_WARN_COMMA = YES;
				CLANG_WARN_CONSTANT_CONVERSION = YES;
				CLANG_WARN_DEPRECATED_OBJC_IMPLEMENTATIONS = YES;
				CLANG_WARN_DIRECT_OBJC_ISA_USAGE = YES_ERROR;
				CLANG_WARN_DOCUMENTATION_COMMENTS = YES;
				CLANG_WARN_EMPTY_BODY = YES;
				CLANG_WARN_ENUM_CONVERSION = YES;
				CLANG_WARN_INFINITE_RECURSION = YES;
				CLANG_WARN_INT_CONVERSION = YES;
				CLANG_WARN_NON_LITERAL_NULL_CONVERSION = YES;
				CLANG_WARN_OBJC_IMPLICIT_RETAIN_SELF = YES;
				CLANG_WARN_OBJC_LITERAL_CONVERSION = YES;
				CLANG_WARN_OBJC_ROOT_CLASS = YES_ERROR;
				CLANG_WARN_QUOTED_INCLUDE_IN_FRAMEWORK_HEADER = YES;
				CLANG_WARN_RANGE_LOOP_ANALYSIS = YES;
				CLANG_WARN_STRICT_PROTOTYPES = YES;
				CLANG_WARN_SUSPICIOUS_MOVE = YES;
				CLANG_WARN_UNGUARDED_AVAILABILITY = YES_AGGRESSIVE;
				CLANG_WARN_UNREACHABLE_CODE = YES;
				CLANG_WARN__DUPLICATE_METHOD_MATCH = YES;
				COPY_PHASE_STRIP = NO;
				DEBUG_INFORMATION_FORMAT = "dwarf-with-dsym";
				ENABLE_NS_ASSERTIONS = NO;
				ENABLE_STRICT_OBJC_MSGSEND = YES;
				ENABLE_USER_SCRIPT_SANDBOXING = YES;
				GCC_C_LANGUAGE_STANDARD = gnu17;
				GCC_NO_COMMON_BLOCKS = YES;
				GCC_WARN_64_TO_32_BIT_CONVERSION = YES;
				GCC_WARN_ABOUT_RETURN_TYPE = YES_ERROR;
				GCC_WARN_UNDECLARED_SELECTOR = YES;
				GCC_WARN_UNINITIALIZED_AUTOS = YES_AGGRESSIVE;
				GCC_WARN_UNUSED_FUNCTION = YES;
				GCC_WARN_UNUSED_VARIABLE = YES;
				IPHONEOS_DEPLOYMENT_TARGET = 17.2;
				LOCALIZATION_PREFERS_STRING_CATALOGS = YES;
				MTL_ENABLE_DEBUG_INFO = NO;
				MTL_FAST_MATH = YES;
				SDKROOT = iphoneos;
				SWIFT_COMPILATION_MODE = wholemodule;
				VALIDATE_PRODUCT = YES;
			};
			name = Release;
		};
		1F4B93DE2D4ED3830021C568 /* Debug */ = {
			isa = XCBuildConfiguration;
			buildSettings = {
				ARCHS = (
					"$(ARCHS_STANDARD)",
					x86_64,
				);
				ASSETCATALOG_COMPILER_APPICON_NAME = AppIcon;
				ASSETCATALOG_COMPILER_GLOBAL_ACCENT_COLOR_NAME = AccentColor;
				CODE_SIGN_STYLE = Automatic;
				CURRENT_PROJECT_VERSION = 1;
				DEVELOPMENT_ASSET_PATHS = "\"Aggie Eats/Preview Content\"";
				DEVELOPMENT_TEAM = S94N4A95Y6;
				ENABLE_PREVIEWS = YES;
				GENERATE_INFOPLIST_FILE = YES;
				INFOPLIST_KEY_UIApplicationSceneManifest_Generation = YES;
				INFOPLIST_KEY_UIApplicationSupportsIndirectInputEvents = YES;
				INFOPLIST_KEY_UILaunchScreen_Generation = YES;
				INFOPLIST_KEY_UISupportedInterfaceOrientations_iPad = "UIInterfaceOrientationPortrait UIInterfaceOrientationPortraitUpsideDown UIInterfaceOrientationLandscapeLeft UIInterfaceOrientationLandscapeRight";
				INFOPLIST_KEY_UISupportedInterfaceOrientations_iPhone = "UIInterfaceOrientationPortrait UIInterfaceOrientationLandscapeLeft UIInterfaceOrientationLandscapeRight";
				LD_RUNPATH_SEARCH_PATHS = (
					"$(inherited)",
					"@executable_path/Frameworks",
				);
				MARKETING_VERSION = 1.0;
				PRODUCT_BUNDLE_IDENTIFIER = "com.achintyajaimini.Aggie-Eats";
				PRODUCT_NAME = "$(TARGET_NAME)";
				SWIFT_EMIT_LOC_STRINGS = YES;
				SWIFT_VERSION = 5.0;
				TARGETED_DEVICE_FAMILY = "1,2";
			};
			name = Debug;
		};
		1F4B93DF2D4ED3830021C568 /* Release */ = {
			isa = XCBuildConfiguration;
			buildSettings = {
				ARCHS = (
					"$(ARCHS_STANDARD)",
					x86_64,
				);
				ASSETCATALOG_COMPILER_APPICON_NAME = AppIcon;
				ASSETCATALOG_COMPILER_GLOBAL_ACCENT_COLOR_NAME = AccentColor;
				CODE_SIGN_STYLE = Automatic;
				CURRENT_PROJECT_VERSION = 1;
				DEVELOPMENT_ASSET_PATHS = "\"Aggie Eats/Preview Content\"";
				DEVELOPMENT_TEAM = S94N4A95Y6;
				ENABLE_PREVIEWS = YES;
				GENERATE_INFOPLIST_FILE = YES;
				INFOPLIST_KEY_UIApplicationSceneManifest_Generation = YES;
				INFOPLIST_KEY_UIApplicationSupportsIndirectInputEvents = YES;
				INFOPLIST_KEY_UILaunchScreen_Generation = YES;
				INFOPLIST_KEY_UISupportedInterfaceOrientations_iPad = "UIInterfaceOrientationPortrait UIInterfaceOrientationPortraitUpsideDown UIInterfaceOrientationLandscapeLeft UIInterfaceOrientationLandscapeRight";
				INFOPLIST_KEY_UISupportedInterfaceOrientations_iPhone = "UIInterfaceOrientationPortrait UIInterfaceOrientationLandscapeLeft UIInterfaceOrientationLandscapeRight";
				LD_RUNPATH_SEARCH_PATHS = (
					"$(inherited)",
					"@executable_path/Frameworks",
				);
				MARKETING_VERSION = 1.0;
				PRODUCT_BUNDLE_IDENTIFIER = "com.achintyajaimini.Aggie-Eats";
				PRODUCT_NAME = "$(TARGET_NAME)";
				SWIFT_EMIT_LOC_STRINGS = YES;
				SWIFT_VERSION = 5.0;
				TARGETED_DEVICE_FAMILY = "1,2";
			};
			name = Release;
		};
		1F4B93E12D4ED3830021C568 /* Debug */ = {
			isa = XCBuildConfiguration;
			buildSettings = {
				ALWAYS_EMBED_SWIFT_STANDARD_LIBRARIES = YES;
				BUNDLE_LOADER = "$(TEST_HOST)";
				CODE_SIGN_STYLE = Automatic;
				CURRENT_PROJECT_VERSION = 1;
				GENERATE_INFOPLIST_FILE = YES;
				IPHONEOS_DEPLOYMENT_TARGET = 17.2;
				MARKETING_VERSION = 1.0;
				PRODUCT_BUNDLE_IDENTIFIER = "com.achintyajaimini.Aggie-EatsTests";
				PRODUCT_NAME = "$(TARGET_NAME)";
				SWIFT_EMIT_LOC_STRINGS = NO;
				SWIFT_VERSION = 5.0;
				TARGETED_DEVICE_FAMILY = "1,2";
				TEST_HOST = "$(BUILT_PRODUCTS_DIR)/Aggie Eats.app/$(BUNDLE_EXECUTABLE_FOLDER_PATH)/Aggie Eats";
			};
			name = Debug;
		};
		1F4B93E22D4ED3830021C568 /* Release */ = {
			isa = XCBuildConfiguration;
			buildSettings = {
				ALWAYS_EMBED_SWIFT_STANDARD_LIBRARIES = YES;
				BUNDLE_LOADER = "$(TEST_HOST)";
				CODE_SIGN_STYLE = Automatic;
				CURRENT_PROJECT_VERSION = 1;
				GENERATE_INFOPLIST_FILE = YES;
				IPHONEOS_DEPLOYMENT_TARGET = 17.2;
				MARKETING_VERSION = 1.0;
				PRODUCT_BUNDLE_IDENTIFIER = "com.achintyajaimini.Aggie-EatsTests";
				PRODUCT_NAME = "$(TARGET_NAME)";
				SWIFT_EMIT_LOC_STRINGS = NO;
				SWIFT_VERSION = 5.0;
				TARGETED_DEVICE_FAMILY = "1,2";
				TEST_HOST = "$(BUILT_PRODUCTS_DIR)/Aggie Eats.app/$(BUNDLE_EXECUTABLE_FOLDER_PATH)/Aggie Eats";
			};
			name = Release;
		};
		1F4B93E42D4ED3830021C568 /* Debug */ = {
			isa = XCBuildConfiguration;
			buildSettings = {
				ALWAYS_EMBED_SWIFT_STANDARD_LIBRARIES = YES;
				CODE_SIGN_STYLE = Automatic;
				CURRENT_PROJECT_VERSION = 1;
				GENERATE_INFOPLIST_FILE = YES;
				MARKETING_VERSION = 1.0;
				PRODUCT_BUNDLE_IDENTIFIER = "com.achintyajaimini.Aggie-EatsUITests";
				PRODUCT_NAME = "$(TARGET_NAME)";
				SWIFT_EMIT_LOC_STRINGS = NO;
				SWIFT_VERSION = 5.0;
				TARGETED_DEVICE_FAMILY = "1,2";
				TEST_TARGET_NAME = "Aggie Eats";
			};
			name = Debug;
		};
		1F4B93E52D4ED3830021C568 /* Release */ = {
			isa = XCBuildConfiguration;
			buildSettings = {
				ALWAYS_EMBED_SWIFT_STANDARD_LIBRARIES = YES;
				CODE_SIGN_STYLE = Automatic;
				CURRENT_PROJECT_VERSION = 1;
				GENERATE_INFOPLIST_FILE = YES;
				MARKETING_VERSION = 1.0;
				PRODUCT_BUNDLE_IDENTIFIER = "com.achintyajaimini.Aggie-EatsUITests";
				PRODUCT_NAME = "$(TARGET_NAME)";
				SWIFT_EMIT_LOC_STRINGS = NO;
				SWIFT_VERSION = 5.0;
				TARGETED_DEVICE_FAMILY = "1,2";
				TEST_TARGET_NAME = "Aggie Eats";
			};
			name = Release;
		};
/* End XCBuildConfiguration section */

/* Begin XCConfigurationList section */
		1F4B93B42D4ED3800021C568 /* Build configuration list for PBXProject "Aggie Eats" */ = {
			isa = XCConfigurationList;
			buildConfigurations = (
				1F4B93DB2D4ED3830021C568 /* Debug */,
				1F4B93DC2D4ED3830021C568 /* Release */,
			);
			defaultConfigurationIsVisible = 0;
			defaultConfigurationName = Release;
		};
		1F4B93DD2D4ED3830021C568 /* Build configuration list for PBXNativeTarget "Aggie Eats" */ = {
			isa = XCConfigurationList;
			buildConfigurations = (
				1F4B93DE2D4ED3830021C568 /* Debug */,
				1F4B93DF2D4ED3830021C568 /* Release */,
			);
			defaultConfigurationIsVisible = 0;
			defaultConfigurationName = Release;
		};
		1F4B93E02D4ED3830021C568 /* Build configuration list for PBXNativeTarget "Aggie EatsTests" */ = {
			isa = XCConfigurationList;
			buildConfigurations = (
				1F4B93E12D4ED3830021C568 /* Debug */,
				1F4B93E22D4ED3830021C568 /* Release */,
			);
			defaultConfigurationIsVisible = 0;
			defaultConfigurationName = Release;
		};
		1F4B93E32D4ED3830021C568 /* Build configuration list for PBXNativeTarget "Aggie EatsUITests" */ = {
			isa = XCConfigurationList;
			buildConfigurations = (
				1F4B93E42D4ED3830021C568 /* Debug */,
				1F4B93E52D4ED3830021C568 /* Release */,
			);
			defaultConfigurationIsVisible = 0;
			defaultConfigurationName = Release;
		};
/* End XCConfigurationList section */

/* Begin XCRemoteSwiftPackageReference section */
		1F6F92692D5AFFCD00316195 /* XCRemoteSwiftPackageReference "stripe-ios" */ = {
			isa = XCRemoteSwiftPackageReference;
			repositoryURL = "https://github.com/stripe/stripe-ios";
			requirement = {
				kind = upToNextMajorVersion;
				minimumVersion = 24.5.0;
			};
		};
		1FB3FE1E2D4F0172000ECB7D /* XCRemoteSwiftPackageReference "CodeScanner" */ = {
			isa = XCRemoteSwiftPackageReference;
			repositoryURL = "https://github.com/twostraws/CodeScanner";
			requirement = {
				kind = upToNextMajorVersion;
				minimumVersion = 2.5.2;
			};
		};
		1FEB1D862D51B88300CE5900 /* XCRemoteSwiftPackageReference "swift-collections" */ = {
			isa = XCRemoteSwiftPackageReference;
			repositoryURL = "https://github.com/apple/swift-collections.git";
			requirement = {
				kind = upToNextMajorVersion;
				minimumVersion = 1.1.4;
			};
		};
/* End XCRemoteSwiftPackageReference section */

/* Begin XCSwiftPackageProductDependency section */
		1F6F926A2D5AFFCD00316195 /* Stripe */ = {
			isa = XCSwiftPackageProductDependency;
			package = 1F6F92692D5AFFCD00316195 /* XCRemoteSwiftPackageReference "stripe-ios" */;
			productName = Stripe;
		};
		1F6F926C2D5AFFCD00316195 /* StripeApplePay */ = {
			isa = XCSwiftPackageProductDependency;
			package = 1F6F92692D5AFFCD00316195 /* XCRemoteSwiftPackageReference "stripe-ios" */;
			productName = StripeApplePay;
		};
		1F6F926E2D5AFFCD00316195 /* StripeCardScan */ = {
			isa = XCSwiftPackageProductDependency;
			package = 1F6F92692D5AFFCD00316195 /* XCRemoteSwiftPackageReference "stripe-ios" */;
			productName = StripeCardScan;
		};
		1F6F92702D5AFFCD00316195 /* StripeConnect */ = {
			isa = XCSwiftPackageProductDependency;
			package = 1F6F92692D5AFFCD00316195 /* XCRemoteSwiftPackageReference "stripe-ios" */;
			productName = StripeConnect;
		};
		1F6F92722D5AFFCD00316195 /* StripeFinancialConnections */ = {
			isa = XCSwiftPackageProductDependency;
			package = 1F6F92692D5AFFCD00316195 /* XCRemoteSwiftPackageReference "stripe-ios" */;
			productName = StripeFinancialConnections;
		};
		1F6F92742D5AFFCD00316195 /* StripeIdentity */ = {
			isa = XCSwiftPackageProductDependency;
			package = 1F6F92692D5AFFCD00316195 /* XCRemoteSwiftPackageReference "stripe-ios" */;
			productName = StripeIdentity;
		};
		1F6F92762D5AFFCD00316195 /* StripePaymentSheet */ = {
			isa = XCSwiftPackageProductDependency;
			package = 1F6F92692D5AFFCD00316195 /* XCRemoteSwiftPackageReference "stripe-ios" */;
			productName = StripePaymentSheet;
		};
		1F6F92782D5AFFCD00316195 /* StripePayments */ = {
			isa = XCSwiftPackageProductDependency;
			package = 1F6F92692D5AFFCD00316195 /* XCRemoteSwiftPackageReference "stripe-ios" */;
			productName = StripePayments;
		};
		1F6F927A2D5AFFCD00316195 /* StripePaymentsUI */ = {
			isa = XCSwiftPackageProductDependency;
			package = 1F6F92692D5AFFCD00316195 /* XCRemoteSwiftPackageReference "stripe-ios" */;
			productName = StripePaymentsUI;
		};
		1FB3FE1F2D4F0172000ECB7D /* CodeScanner */ = {
			isa = XCSwiftPackageProductDependency;
			package = 1FB3FE1E2D4F0172000ECB7D /* XCRemoteSwiftPackageReference "CodeScanner" */;
			productName = CodeScanner;
		};
		1FEB1D872D51B88300CE5900 /* BitCollections */ = {
			isa = XCSwiftPackageProductDependency;
			package = 1FEB1D862D51B88300CE5900 /* XCRemoteSwiftPackageReference "swift-collections" */;
			productName = BitCollections;
		};
		1FEB1D892D51B88300CE5900 /* Collections */ = {
			isa = XCSwiftPackageProductDependency;
			package = 1FEB1D862D51B88300CE5900 /* XCRemoteSwiftPackageReference "swift-collections" */;
			productName = Collections;
		};
		1FEB1D8B2D51B88300CE5900 /* DequeModule */ = {
			isa = XCSwiftPackageProductDependency;
			package = 1FEB1D862D51B88300CE5900 /* XCRemoteSwiftPackageReference "swift-collections" */;
			productName = DequeModule;
		};
		1FEB1D8D2D51B88300CE5900 /* HashTreeCollections */ = {
			isa = XCSwiftPackageProductDependency;
			package = 1FEB1D862D51B88300CE5900 /* XCRemoteSwiftPackageReference "swift-collections" */;
			productName = HashTreeCollections;
		};
		1FEB1D8F2D51B88300CE5900 /* HeapModule */ = {
			isa = XCSwiftPackageProductDependency;
			package = 1FEB1D862D51B88300CE5900 /* XCRemoteSwiftPackageReference "swift-collections" */;
			productName = HeapModule;
		};
		1FEB1D912D51B88300CE5900 /* OrderedCollections */ = {
			isa = XCSwiftPackageProductDependency;
			package = 1FEB1D862D51B88300CE5900 /* XCRemoteSwiftPackageReference "swift-collections" */;
			productName = OrderedCollections;
		};
		1FEB1D932D51B88300CE5900 /* _RopeModule */ = {
			isa = XCSwiftPackageProductDependency;
			package = 1FEB1D862D51B88300CE5900 /* XCRemoteSwiftPackageReference "swift-collections" */;
			productName = _RopeModule;
		};
/* End XCSwiftPackageProductDependency section */
	};
	rootObject = 1F4B93B12D4ED3800021C568 /* Project object */;
}
